// !$*UTF8*$!
{
	archiveVersion = 1;
	classes = {
	};
	objectVersion = 50;
	objects = {

/* Begin PBXBuildFile section */
		BA9FB9A62301D10C00B1460C /* AppDelegate.swift in Sources */ = {isa = PBXBuildFile; fileRef = BA9FB9A52301D10C00B1460C /* AppDelegate.swift */; };
		BA9FB9A82301D10C00B1460C /* ViewController.swift in Sources */ = {isa = PBXBuildFile; fileRef = BA9FB9A72301D10C00B1460C /* ViewController.swift */; };
		BA9FB9AB2301D10C00B1460C /* Main.storyboard in Resources */ = {isa = PBXBuildFile; fileRef = BA9FB9A92301D10C00B1460C /* Main.storyboard */; };
		BA9FB9AD2301D11A00B1460C /* Assets.xcassets in Resources */ = {isa = PBXBuildFile; fileRef = BA9FB9AC2301D11A00B1460C /* Assets.xcassets */; };
		BA9FB9B02301D11B00B1460C /* LaunchScreen.storyboard in Resources */ = {isa = PBXBuildFile; fileRef = BA9FB9AE2301D11B00B1460C /* LaunchScreen.storyboard */; };
		BA9FB9B82301D1E500B1460C /* API.swift in Sources */ = {isa = PBXBuildFile; fileRef = BA9FB9B72301D1E500B1460C /* API.swift */; };
		BA9FB9BA2301D30400B1460C /* Constants.swift in Sources */ = {isa = PBXBuildFile; fileRef = BA9FB9B92301D30400B1460C /* Constants.swift */; };
		BA9FB9BC2301E00400B1460C /* TableObjectClass.swift in Sources */ = {isa = PBXBuildFile; fileRef = BA9FB9BB2301E00400B1460C /* TableObjectClass.swift */; };
		BAE111E823020318006897C6 /* TableViewCell.swift in Sources */ = {isa = PBXBuildFile; fileRef = BAE111E723020318006897C6 /* TableViewCell.swift */; };
/* End PBXBuildFile section */

/* Begin PBXFileReference section */
		BA9FB9A22301D10C00B1460C /* CustomTableView.app */ = {isa = PBXFileReference; explicitFileType = wrapper.application; includeInIndex = 0; path = CustomTableView.app; sourceTree = BUILT_PRODUCTS_DIR; };
		BA9FB9A52301D10C00B1460C /* AppDelegate.swift */ = {isa = PBXFileReference; lastKnownFileType = sourcecode.swift; path = AppDelegate.swift; sourceTree = "<group>"; };
		BA9FB9A72301D10C00B1460C /* ViewController.swift */ = {isa = PBXFileReference; lastKnownFileType = sourcecode.swift; path = ViewController.swift; sourceTree = "<group>"; };
		BA9FB9AA2301D10C00B1460C /* Base */ = {isa = PBXFileReference; lastKnownFileType = file.storyboard; name = Base; path = Base.lproj/Main.storyboard; sourceTree = "<group>"; };
		BA9FB9AC2301D11A00B1460C /* Assets.xcassets */ = {isa = PBXFileReference; lastKnownFileType = folder.assetcatalog; path = Assets.xcassets; sourceTree = "<group>"; };
		BA9FB9AF2301D11B00B1460C /* Base */ = {isa = PBXFileReference; lastKnownFileType = file.storyboard; name = Base; path = Base.lproj/LaunchScreen.storyboard; sourceTree = "<group>"; };
		BA9FB9B12301D11B00B1460C /* Info.plist */ = {isa = PBXFileReference; lastKnownFileType = text.plist.xml; path = Info.plist; sourceTree = "<group>"; };
		BA9FB9B72301D1E500B1460C /* API.swift */ = {isa = PBXFileReference; lastKnownFileType = sourcecode.swift; path = API.swift; sourceTree = "<group>"; };
		BA9FB9B92301D30400B1460C /* Constants.swift */ = {isa = PBXFileReference; lastKnownFileType = sourcecode.swift; path = Constants.swift; sourceTree = "<group>"; };
		BA9FB9BB2301E00400B1460C /* TableObjectClass.swift */ = {isa = PBXFileReference; lastKnownFileType = sourcecode.swift; path = TableObjectClass.swift; sourceTree = "<group>"; };
		BAE111E723020318006897C6 /* TableViewCell.swift */ = {isa = PBXFileReference; lastKnownFileType = sourcecode.swift; path = TableViewCell.swift; sourceTree = "<group>"; };
/* End PBXFileReference section */

/* Begin PBXFrameworksBuildPhase section */
		BA9FB99F2301D10C00B1460C /* Frameworks */ = {
			isa = PBXFrameworksBuildPhase;
			buildActionMask = 2147483647;
			files = (
			);
			runOnlyForDeploymentPostprocessing = 0;
		};
/* End PBXFrameworksBuildPhase section */

/* Begin PBXGroup section */
		BA9FB9992301D10C00B1460C = {
			isa = PBXGroup;
			children = (
				BA9FB9A42301D10C00B1460C /* CustomTableView */,
				BA9FB9A32301D10C00B1460C /* Products */,
			);
			sourceTree = "<group>";
		};
		BA9FB9A32301D10C00B1460C /* Products */ = {
			isa = PBXGroup;
			children = (
				BA9FB9A22301D10C00B1460C /* CustomTableView.app */,
			);
			name = Products;
			sourceTree = "<group>";
		};
		BA9FB9A42301D10C00B1460C /* CustomTableView */ = {
			isa = PBXGroup;
			children = (
				BA9FB9A52301D10C00B1460C /* AppDelegate.swift */,
				BA9FB9A72301D10C00B1460C /* ViewController.swift */,
				BA9FB9A92301D10C00B1460C /* Main.storyboard */,
				BA9FB9AC2301D11A00B1460C /* Assets.xcassets */,
				BA9FB9AE2301D11B00B1460C /* LaunchScreen.storyboard */,
				BA9FB9B12301D11B00B1460C /* Info.plist */,
				BA9FB9B72301D1E500B1460C /* API.swift */,
				BA9FB9B92301D30400B1460C /* Constants.swift */,
				BA9FB9BB2301E00400B1460C /* TableObjectClass.swift */,
				BAE111E723020318006897C6 /* TableViewCell.swift */,
			);
			path = CustomTableView;
			sourceTree = "<group>";
		};
/* End PBXGroup section */

/* Begin PBXNativeTarget section */
		BA9FB9A12301D10C00B1460C /* CustomTableView */ = {
			isa = PBXNativeTarget;
			buildConfigurationList = BA9FB9B42301D11B00B1460C /* Build configuration list for PBXNativeTarget "CustomTableView" */;
			buildPhases = (
				BA9FB99E2301D10C00B1460C /* Sources */,
				BA9FB99F2301D10C00B1460C /* Frameworks */,
				BA9FB9A02301D10C00B1460C /* Resources */,
			);
			buildRules = (
			);
			dependencies = (
			);
			name = CustomTableView;
			productName = CustomTableView;
			productReference = BA9FB9A22301D10C00B1460C /* CustomTableView.app */;
			productType = "com.apple.product-type.application";
		};
/* End PBXNativeTarget section */

/* Begin PBXProject section */
		BA9FB99A2301D10C00B1460C /* Project object */ = {
			isa = PBXProject;
			attributes = {
				LastSwiftUpdateCheck = 1010;
				LastUpgradeCheck = 1010;
				ORGANIZATIONNAME = Developer;
				TargetAttributes = {
					BA9FB9A12301D10C00B1460C = {
						CreatedOnToolsVersion = 10.1;
					};
				};
			};
			buildConfigurationList = BA9FB99D2301D10C00B1460C /* Build configuration list for PBXProject "CustomTableView" */;
			compatibilityVersion = "Xcode 9.3";
			developmentRegion = en;
			hasScannedForEncodings = 0;
			knownRegions = (
				en,
				Base,
			);
			mainGroup = BA9FB9992301D10C00B1460C;
			productRefGroup = BA9FB9A32301D10C00B1460C /* Products */;
			projectDirPath = "";
			projectRoot = "";
			targets = (
				BA9FB9A12301D10C00B1460C /* CustomTableView */,
			);
		};
/* End PBXProject section */

/* Begin PBXResourcesBuildPhase section */
		BA9FB9A02301D10C00B1460C /* Resources */ = {
			isa = PBXResourcesBuildPhase;
			buildActionMask = 2147483647;
			files = (
				BA9FB9B02301D11B00B1460C /* LaunchScreen.storyboard in Resources */,
				BA9FB9AD2301D11A00B1460C /* Assets.xcassets in Resources */,
				BA9FB9AB2301D10C00B1460C /* Main.storyboard in Resources */,
			);
			runOnlyForDeploymentPostprocessing = 0;
		};
/* End PBXResourcesBuildPhase section */

/* Begin PBXSourcesBuildPhase section */
		BA9FB99E2301D10C00B1460C /* Sources */ = {
			isa = PBXSourcesBuildPhase;
			buildActionMask = 2147483647;
			files = (
				BA9FB9A82301D10C00B1460C /* ViewController.swift in Sources */,
				BA9FB9B82301D1E500B1460C /* API.swift in Sources */,
				BA9FB9BC2301E00400B1460C /* TableObjectClass.swift in Sources */,
				BAE111E823020318006897C6 /* TableViewCell.swift in Sources */,
				BA9FB9A62301D10C00B1460C /* AppDelegate.swift in Sources */,
				BA9FB9BA2301D30400B1460C /* Constants.swift in Sources */,
			);
			runOnlyForDeploymentPostprocessing = 0;
		};
/* End PBXSourcesBuildPhase section */

/* Begin PBXVariantGroup section */
		BA9FB9A92301D10C00B1460C /* Main.storyboard */ = {
			isa = PBXVariantGroup;
			children = (
				BA9FB9AA2301D10C00B1460C /* Base */,
			);
			name = Main.storyboard;
			sourceTree = "<group>";
		};
		BA9FB9AE2301D11B00B1460C /* LaunchScreen.storyboard */ = {
			isa = PBXVariantGroup;
			children = (
				BA9FB9AF2301D11B00B1460C /* Base */,
			);
			name = LaunchScreen.storyboard;
			sourceTree = "<group>";
		};
/* End PBXVariantGroup section */

/* Begin XCBuildConfiguration section */
		BA9FB9B22301D11B00B1460C /* Debug */ = {
			isa = XCBuildConfiguration;
			buildSettings = {
				ALWAYS_SEARCH_USER_PATHS = NO;
				CLANG_ANALYZER_NONNULL = YES;
				CLANG_ANALYZER_NUMBER_OBJECT_CONVERSION = YES_AGGRESSIVE;
				CLANG_CXX_LANGUAGE_STANDARD = "gnu++14";
				CLANG_CXX_LIBRARY = "libc++";
				CLANG_ENABLE_MODULES = YES;
				CLANG_ENABLE_OBJC_ARC = YES;
				CLANG_ENABLE_OBJC_WEAK = YES;
				CLANG_WARN_BLOCK_CAPTURE_AUTORELEASING = YES;
				CLANG_WARN_BOOL_CONVERSION = YES;
				CLANG_WARN_COMMA = YES;
				CLANG_WARN_CONSTANT_CONVERSION = YES;
				CLANG_WARN_DEPRECATED_OBJC_IMPLEMENTATIONS = YES;
				CLANG_WARN_DIRECT_OBJC_ISA_USAGE = YES_ERROR;
				CLANG_WARN_DOCUMENTATION_COMMENTS = YES;
				CLANG_WARN_EMPTY_BODY = YES;
				CLANG_WARN_ENUM_CONVERSION = YES;
				CLANG_WARN_INFINITE_RECURSION = YES;
				CLANG_WARN_INT_CONVERSION = YES;
				CLANG_WARN_NON_LITERAL_NULL_CONVERSION = YES;
				CLANG_WARN_OBJC_IMPLICIT_RETAIN_SELF = YES;
				CLANG_WARN_OBJC_LITERAL_CONVERSION = YES;
				CLANG_WARN_OBJC_ROOT_CLASS = YES_ERROR;
				CLANG_WARN_RANGE_LOOP_ANALYSIS = YES;
				CLANG_WARN_STRICT_PROTOTYPES = YES;
				CLANG_WARN_SUSPICIOUS_MOVE = YES;
				CLANG_WARN_UNGUARDED_AVAILABILITY = YES_AGGRESSIVE;
				CLANG_WARN_UNREACHABLE_CODE = YES;
				CLANG_WARN__DUPLICATE_METHOD_MATCH = YES;
				CODE_SIGN_IDENTITY = "iPhone Developer";
				COPY_PHASE_STRIP = NO;
				DEBUG_INFORMATION_FORMAT = dwarf;
				ENABLE_STRICT_OBJC_MSGSEND = YES;
				ENABLE_TESTABILITY = YES;
				GCC_C_LANGUAGE_STANDARD = gnu11;
				GCC_DYNAMIC_NO_PIC = NO;
				GCC_NO_COMMON_BLOCKS = YES;
				GCC_OPTIMIZATION_LEVEL = 0;
				GCC_PREPROCESSOR_DEFINITIONS = (
					"DEBUG=1",
					"$(inherited)",
				);
				GCC_WARN_64_TO_32_BIT_CONVERSION = YES;
				GCC_WARN_ABOUT_RETURN_TYPE = YES_ERROR;
				GCC_WARN_UNDECLARED_SELECTOR = YES;
				GCC_WARN_UNINITIALIZED_AUTOS = YES_AGGRESSIVE;
				GCC_WARN_UNUSED_FUNCTION = YES;
				GCC_WARN_UNUSED_VARIABLE = YES;
				IPHONEOS_DEPLOYMENT_TARGET = 12.1;
				MTL_ENABLE_DEBUG_INFO = INCLUDE_SOURCE;
				MTL_FAST_MATH = YES;
				ONLY_ACTIVE_ARCH = YES;
				SDKROOT = iphoneos;
				SWIFT_ACTIVE_COMPILATION_CONDITIONS = DEBUG;
				SWIFT_OPTIMIZATION_LEVEL = "-Onone";
			};
			name = Debug;
		};
		BA9FB9B32301D11B00B1460C /* Release */ = {
			isa = XCBuildConfiguration;
			buildSettings = {
				ALWAYS_SEARCH_USER_PATHS = NO;
				CLANG_ANALYZER_NONNULL = YES;
				CLANG_ANALYZER_NUMBER_OBJECT_CONVERSION = YES_AGGRESSIVE;
				CLANG_CXX_LANGUAGE_STANDARD = "gnu++14";
				CLANG_CXX_LIBRARY = "libc++";
				CLANG_ENABLE_MODULES = YES;
				CLANG_ENABLE_OBJC_ARC = YES;
				CLANG_ENABLE_OBJC_WEAK = YES;
				CLANG_WARN_BLOCK_CAPTURE_AUTORELEASING = YES;
				CLANG_WARN_BOOL_CONVERSION = YES;
				CLANG_WARN_COMMA = YES;
				CLANG_WARN_CONSTANT_CONVERSION = YES;
				CLANG_WARN_DEPRECATED_OBJC_IMPLEMENTATIONS = YES;
				CLANG_WARN_DIRECT_OBJC_ISA_USAGE = YES_ERROR;
				CLANG_WARN_DOCUMENTATION_COMMENTS = YES;
				CLANG_WARN_EMPTY_BODY = YES;
				CLANG_WARN_ENUM_CONVERSION = YES;
				CLANG_WARN_INFINITE_RECURSION = YES;
				CLANG_WARN_INT_CONVERSION = YES;
				CLANG_WARN_NON_LITERAL_NULL_CONVERSION = YES;
				CLANG_WARN_OBJC_IMPLICIT_RETAIN_SELF = YES;
				CLANG_WARN_OBJC_LITERAL_CONVERSION = YES;
				CLANG_WARN_OBJC_ROOT_CLASS = YES_ERROR;
				CLANG_WARN_RANGE_LOOP_ANALYSIS = YES;
				CLANG_WARN_STRICT_PROTOTYPES = YES;
				CLANG_WARN_SUSPICIOUS_MOVE = YES;
				CLANG_WARN_UNGUARDED_AVAILABILITY = YES_AGGRESSIVE;
				CLANG_WARN_UNREACHABLE_CODE = YES;
				CLANG_WARN__DUPLICATE_METHOD_MATCH = YES;
				CODE_SIGN_IDENTITY = "iPhone Developer";
				COPY_PHASE_STRIP = NO;
				DEBUG_INFORMATION_FORMAT = "dwarf-with-dsym";
				ENABLE_NS_ASSERTIONS = NO;
				ENABLE_STRICT_OBJC_MSGSEND = YES;
				GCC_C_LANGUAGE_STANDARD = gnu11;
				GCC_NO_COMMON_BLOCKS = YES;
				GCC_WARN_64_TO_32_BIT_CONVERSION = YES;
				GCC_WARN_ABOUT_RETURN_TYPE = YES_ERROR;
				GCC_WARN_UNDECLARED_SELECTOR = YES;
				GCC_WARN_UNINITIALIZED_AUTOS = YES_AGGRESSIVE;
				GCC_WARN_UNUSED_FUNCTION = YES;
				GCC_WARN_UNUSED_VARIABLE = YES;
				IPHONEOS_DEPLOYMENT_TARGET = 12.1;
				MTL_ENABLE_DEBUG_INFO = NO;
				MTL_FAST_MATH = YES;
				SDKROOT = iphoneos;
				SWIFT_COMPILATION_MODE = wholemodule;
				SWIFT_OPTIMIZATION_LEVEL = "-O";
				VALIDATE_PRODUCT = YES;
			};
			name = Release;
		};
		BA9FB9B52301D11B00B1460C /* Debug */ = {
			isa = XCBuildConfiguration;
			buildSettings = {
				ASSETCATALOG_COMPILER_APPICON_NAME = AppIcon;
				CODE_SIGN_STYLE = Manual;
				DEVELOPMENT_TEAM = "";
				INFOPLIST_FILE = CustomTableView/Info.plist;
				LD_RUNPATH_SEARCH_PATHS = (
					"$(inherited)",
					"@executable_path/Frameworks",
				);
				PRODUCT_BUNDLE_IDENTIFIER = com.XXX.CustomTableView;
				PRODUCT_NAME = "$(TARGET_NAME)";
				PROVISIONING_PROFILE_SPECIFIER = "";
				SWIFT_VERSION = 4.2;
				TARGETED_DEVICE_FAMILY = "1,2";
			};
			name = Debug;
		};
		BA9FB9B62301D11B00B1460C /* Release */ = {
			isa = XCBuildConfiguration;
			buildSettings = {
				ASSETCATALOG_COMPILER_APPICON_NAME = AppIcon;
				CODE_SIGN_STYLE = Manual;
				DEVELOPMENT_TEAM = "";
				INFOPLIST_FILE = CustomTableView/Info.plist;
				LD_RUNPATH_SEARCH_PATHS = (
					"$(inherited)",
					"@executable_path/Frameworks",
				);
				PRODUCT_BUNDLE_IDENTIFIER = com.XXX.CustomTableView;
				PRODUCT_NAME = "$(TARGET_NAME)";
				PROVISIONING_PROFILE_SPECIFIER = "";
				SWIFT_VERSION = 4.2;
				TARGETED_DEVICE_FAMILY = "1,2";
			};
			name = Release;
		};
/* End XCBuildConfiguration section */

/* Begin XCConfigurationList section */
		BA9FB99D2301D10C00B1460C /* Build configuration list for PBXProject "CustomTableView" */ = {
			isa = XCConfigurationList;
			buildConfigurations = (
				BA9FB9B22301D11B00B1460C /* Debug */,
				BA9FB9B32301D11B00B1460C /* Release */,
			);
			defaultConfigurationIsVisible = 0;
			defaultConfigurationName = Release;
		};
		BA9FB9B42301D11B00B1460C /* Build configuration list for PBXNativeTarget "CustomTableView" */ = {
			isa = XCConfigurationList;
			buildConfigurations = (
				BA9FB9B52301D11B00B1460C /* Debug */,
				BA9FB9B62301D11B00B1460C /* Release */,
			);
			defaultConfigurationIsVisible = 0;
			defaultConfigurationName = Release;
		};
/* End XCConfigurationList section */
	};
	rootObject = BA9FB99A2301D10C00B1460C /* Project object */;
}
